
Microsoft Visual Studio Solution File, Format Version 12.00
# Visual Studio Version 17
VisualStudioVersion = 17.14.36705.20 d17.14
MinimumVisualStudioVersion = 10.0.40219.1
Project("{FAE04EC0-301F-11D3-BF4B-00C04F79EFBC}") = "WEB_MANAGE", "WEB_MANAGE\WEB_MANAGE.csproj", "{29C88182-D2B2-441D-824A-6724C105E98C}"
EndProject
Global
	GlobalSection(SolutionConfigurationPlatforms) = preSolution
		Debug|Any CPU = Debug|Any CPU
		Release|Any CPU = Release|Any CPU
	EndGlobalSection
	GlobalSection(ProjectConfigurationPlatforms) = postSolution
		{29C88182-D2B2-441D-824A-6724C105E98C}.Debug|Any CPU.ActiveCfg = Debug|Any CPU
		{29C88182-D2B2-441D-824A-6724C105E98C}.Debug|Any CPU.Build.0 = Debug|Any CPU
		{29C88182-D2B2-441D-824A-6724C105E98C}.Release|Any CPU.ActiveCfg = Release|Any CPU
		{29C88182-D2B2-441D-824A-6724C105E98C}.Release|Any CPU.Build.0 = Release|Any CPU
	EndGlobalSection
	GlobalSection(SolutionProperties) = preSolution
		HideSolutionNode = FALSE
	EndGlobalSection
	GlobalSection(ExtensibilityGlobals) = postSolution
		SolutionGuid = {F69E9E2C-F889-48B3-B7F3-A24A9DCDCEFE}
	EndGlobalSection
EndGlobal
